{
  "lockfile_version": "1",
  "packages": {
    "ansible-doctor@8.3.0": {
      "last_modified": "2026-04-06T17:08:15Z",
      "resolved": "github:NixOS/nixpkgs/ff048610a1b698607a66f4671821716c2272dc9f#ansible-doctor",
      "source": "devbox-search",
      "version": "8.3.0",
      "systems": {
        "aarch64-darwin": {
          "outputs": [
            {
              "name": "out",
              "path": "/nix/store/mns325wfp39mff22rgjip7dx06rsc2l2-ansible-doctor-8.3.0",
              "default": true
            },
            {
              "name": "dist",
              "path": "/nix/store/zpfgcr5sd8f8haxhqyyqaklnw6qjgpg5-ansible-doctor-8.3.0-dist"
            }
          ],
          "store_path": "/nix/store/mns325wfp39mff22rgjip7dx06rsc2l2-ansible-doctor-8.3.0"
        },
        "aarch64-linux": {
          "outputs": [
            {
              "name": "out",
              "path": "/nix/store/v0zcixhfw7q2935zwwnnz544sh8iqzzm-ansible-doctor-8.3.0",
              "default": true
            },
            {
              "name": "dist",
              "path": "/nix/store/rr3idli16kw01javrdafvgjgr9azffgk-ansible-doctor-8.3.0-dist"
            }
          ],
          "store_path": "/nix/store/v0zcixhfw7q2935zwwnnz544sh8iqzzm-ansible-doctor-8.3.0"
        },
        "x86_64-darwin": {
          "outputs": [
            {
              "name": "out",
              "path": "/nix/store/yhy0jvnx9glfn1y8jqmh5x6kjhagh1yv-ansible-doctor-8.3.0",
              "default": true
            },
            {
              "name": "dist",
              "path": "/nix/store/ys6lwjcd8h6wbxj5fc2zk6jis4ir6y3a-ansible-doctor-8.3.0-dist"
            }
          ],
          "store_path": "/nix/store/yhy0jvnx9glfn1y8jqmh5x6kjhagh1yv-ansible-doctor-8.3.0"
        },
        "x86_64-linux": {
          "outputs": [
            {
              "name": "out",
              "path": "/nix/store/ki7939rgidbxigdbjcbvnkwsdqmz2zr3-ansible-doctor-8.3.0",
              "default": true
            },
            {
              "name": "dist",
              "path": "/nix/store/q5fbl6v6vzihsx5mmhq6j0b7zikz7z81-ansible-doctor-8.3.0-dist"
            }
          ],
          "store_path": "/nix/store/ki7939rgidbxigdbjcbvnkwsdqmz2zr3-ansible-doctor-8.3.0"
        }
      }
    },
    "ansible-lint@25.8.2": {
      "last_modified": "2026-03-10T02:35:18Z",
      "resolved": "github:NixOS/nixpkgs/e607cb5360ff1234862ac9f8839522becb853bb9#ansible-lint",
      "source": "devbox-search",
      "version": "25.8.2",
      "systems": {
        "aarch64-darwin": {
          "outputs": [
            {
              "name": "out",
              "path": "/nix/store/8nr10gcvsys75nic3hnjvgg1lxl057mb-ansible-lint-25.8.2",
              "default": true
            },
            {
              "name": "dist",
              "path": "/nix/store/8m0l4c2k3s96h83sx1g48h1gpg0fba66-ansible-lint-25.8.2-dist"
            }
          ],
          "store_path": "/nix/store/8nr10gcvsys75nic3hnjvgg1lxl057mb-ansible-lint-25.8.2"
        },
        "aarch64-linux": {
          "outputs": [
            {
              "name": "out",
              "path": "/nix/store/hr9v9sk3ld7lxsgn36ibw1ql8jqyvlfk-ansible-lint-25.8.2",
              "default": true
            },
            {
              "name": "dist",
              "path": "/nix/store/wr50q4r12zk4z8bmbh5dgvjwiry3nc1g-ansible-lint-25.8.2-dist"
            }
          ],
          "store_path": "/nix/store/hr9v9sk3ld7lxsgn36ibw1ql8jqyvlfk-ansible-lint-25.8.2"
        },
        "x86_64-darwin": {
          "outputs": [
            {
              "name": "out",
              "path": "/nix/store/60hmi2ns40p78rjrj0xdhc5hgd6b9mwk-ansible-lint-25.8.2",
              "default": true
            },
            {
              "name": "dist",
              "path": "/nix/store/sg4iblvi8fvvrcyvax99ssh0q5vlf2ks-ansible-lint-25.8.2-dist"
            }
          ],
          "store_path": "/nix/store/60hmi2ns40p78rjrj0xdhc5hgd6b9mwk-ansible-lint-25.8.2"
        },
        "x86_64-linux": {
          "outputs": [
            {
              "name": "out",
              "path": "/nix/store/2w2678mxgljpjsvklpa3zac04ghs3k4v-ansible-lint-25.8.2",
              "default": true
            },
            {
              "name": "dist",
              "path": "/nix/store/gpfqar9lmbmldwhaaljgn9p6qpvg4563-ansible-lint-25.8.2-dist"
            }
          ],
          "store_path": "/nix/store/2w2678mxgljpjsvklpa3zac04ghs3k4v-ansible-lint-25.8.2"
        }
      }
    },
    "git@2.53.0": {
      "last_modified": "2026-03-14T16:50:54Z",
      "resolved": "github:NixOS/nixpkgs/e80236013dc8b77aa49ca90e7a12d86f5d8d64c9#git",
      "source": "devbox-search",
      "version": "2.53.0",
      "systems": {
        "aarch64-darwin": {
          "outputs": [
            {
              "name": "out",
              "path": "/nix/store/rfbzyqcygzpyh5ncb79n07x8bhws2pq3-git-2.53.0",
              "default": true
            },
            {
              "name": "doc",
              "path": "/nix/store/lgbyzfz2j1j7g47331i5684765akl38m-git-2.53.0-doc"
            }
          ],
          "store_path": "/nix/store/rfbzyqcygzpyh5ncb79n07x8bhws2pq3-git-2.53.0"
        },
        "aarch64-linux": {
          "outputs": [
            {
              "name": "out",
              "path": "/nix/store/xz8bzpl5fz92bkhcdmf4g45znvvzcakd-git-2.53.0",
              "default": true
            },
            {
              "name": "debug",
              "path": "/nix/store/xr7sgggqixdji66nhax03lwmk25ms7af-git-2.53.0-debug"
            },
            {
              "name": "doc",
              "path": "/nix/store/lspm2ph3iad5y9irmh2wms6bm3nhhy76-git-2.53.0-doc"
            }
          ],
          "store_path": "/nix/store/xz8bzpl5fz92bkhcdmf4g45znvvzcakd-git-2.53.0"
        },
        "x86_64-darwin": {
          "outputs": [
            {
              "name": "out",
              "path": "/nix/store/bmddbpv896f9rgnm0835434qjiqh1psc-git-2.53.0",
              "default": true
            },
            {
              "name": "doc",
              "path": "/nix/store/0wx1wdjy7imyv7cp6p6m2l17ycq7n3q4-git-2.53.0-doc"
            }
          ],
          "store_path": "/nix/store/bmddbpv896f9rgnm0835434qjiqh1psc-git-2.53.0"
        },
        "x86_64-linux": {
          "outputs": [
            {
              "name": "out",
              "path": "/nix/store/8x49w8i0vafv34rlc6h4a0f7z0z2qpb5-git-2.53.0",
              "default": true
            },
            {
              "name": "debug",
              "path": "/nix/store/i9fi7yqx2z2dryn80w5pr4b1v4nmyida-git-2.53.0-debug"
            },
            {
              "name": "doc",
              "path": "/nix/store/frqc9w8q0dxsg7b8w3j0cv1lb9bd6xww-git-2.53.0-doc"
            }
          ],
          "store_path": "/nix/store/8x49w8i0vafv34rlc6h4a0f7z0z2qpb5-git-2.53.0"
        }
      }
    },
    "github:NixOS/nixpkgs/nixpkgs-unstable": {
      "last_modified": "2026-03-16T02:27:38Z",
      "resolved": "github:NixOS/nixpkgs/f8573b9c935cfaa162dd62cc9e75ae2db86f85df?lastModified=1773628058&narHash=sha256-hpXH0z3K9xv0fHaje136KY872VT2T5uwxtezlAskQgY%3D"
    },
    "go-task@3.48.0": {
      "last_modified": "2026-02-23T15:40:43Z",
      "resolved": "github:NixOS/nixpkgs/80d901ec0377e19ac3f7bb8c035201e2e098cc97#go-task",
      "source": "devbox-search",
      "version": "3.48.0",
      "systems": {
        "aarch64-darwin": {
          "outputs": [
            {
              "name": "out",
              "path": "/nix/store/lwkw29yi53lijzfjqcp01jkaqa5493wi-go-task-3.48.0",
              "default": true
            }
          ],
          "store_path": "/nix/store/lwkw29yi53lijzfjqcp01jkaqa5493wi-go-task-3.48.0"
        },
        "aarch64-linux": {
          "outputs": [
            {
              "name": "out",
              "path": "/nix/store/f6g3n71njj281hawy8chz56c6dy6icb9-go-task-3.48.0",
              "default": true
            }
          ],
          "store_path": "/nix/store/f6g3n71njj281hawy8chz56c6dy6icb9-go-task-3.48.0"
        },
        "x86_64-darwin": {
          "outputs": [
            {
              "name": "out",
              "path": "/nix/store/8ncbi1skdp8x0h5abwxrawffknrascmq-go-task-3.48.0",
              "default": true
            }
          ],
          "store_path": "/nix/store/8ncbi1skdp8x0h5abwxrawffknrascmq-go-task-3.48.0"
        },
        "x86_64-linux": {
          "outputs": [
            {
              "name": "out",
              "path": "/nix/store/5divyc7qn687x3cyq5gnyh46vgx7g9by-go-task-3.48.0",
              "default": true
            }
          ],
          "store_path": "/nix/store/5divyc7qn687x3cyq5gnyh46vgx7g9by-go-task-3.48.0"
        }
      }
    },
    "podman@5.8.1": {
      "last_modified": "2026-03-21T07:29:51Z",
      "resolved": "github:NixOS/nixpkgs/09061f748ee21f68a089cd5d91ec1859cd93d0be#podman",
      "source": "devbox-search",
      "version": "5.8.1",
      "systems": {
        "aarch64-darwin": {
          "outputs": [
            {
              "name": "out",
              "path": "/nix/store/1a9pny79n0na7m3vnskr3nqvba0ccb00-podman-5.8.1",
              "default": true
            },
            {
              "name": "man",
              "path": "/nix/store/y5s91b5k6ipkp3d8pnd6419c1vf03ii6-podman-5.8.1-man",
              "default": true
            }
          ],
          "store_path": "/nix/store/1a9pny79n0na7m3vnskr3nqvba0ccb00-podman-5.8.1"
        },
        "aarch64-linux": {
          "outputs": [
            {
              "name": "out",
              "path": "/nix/store/kr6bvdnfyfy4wk0gfhdb8xbypj89gfxn-podman-5.8.1",
              "default": true
            },
            {
              "name": "man",
              "path": "/nix/store/vm8y64hifblw4rqxvv850179h16s4hqi-podman-5.8.1-man",
              "default": true
            }
          ],
          "store_path": "/nix/store/kr6bvdnfyfy4wk0gfhdb8xbypj89gfxn-podman-5.8.1"
        },
        "x86_64-darwin": {
          "outputs": [
            {
              "name": "out",
              "path": "/nix/store/rlll5c2h6kv9vvf9kbl2p2ykwkzj4hfc-podman-5.8.1",
              "default": true
            },
            {
              "name": "man",
              "path": "/nix/store/qjg4d8vgsmsz1xxaqy4c06rwm5fb5pmf-podman-5.8.1-man",
              "default": true
            }
          ],
          "store_path": "/nix/store/rlll5c2h6kv9vvf9kbl2p2ykwkzj4hfc-podman-5.8.1"
        },
        "x86_64-linux": {
          "outputs": [
            {
              "name": "out",
              "path": "/nix/store/9qf9hxvaifaph8xi69wb6iyldlwk2lb8-podman-5.8.1",
              "default": true
            },
            {
              "name": "man",
              "path": "/nix/store/gs69x2s9vd81ykc3z08c74wlnmg2d6z8-podman-5.8.1-man",
              "default": true
            }
          ],
          "store_path": "/nix/store/9qf9hxvaifaph8xi69wb6iyldlwk2lb8-podman-5.8.1"
        }
      }
    },
    "prek@0.3.8": {
      "last_modified": "2026-04-01T01:09:41Z",
      "resolved": "github:NixOS/nixpkgs/62e3050a29278c985725a86704faa1e99236b51a#prek",
      "source": "devbox-search",
      "version": "0.3.8",
      "systems": {
        "aarch64-darwin": {
          "outputs": [
            {
              "name": "out",
              "path": "/nix/store/cnlgj239qky5x4pl3nbwh0m75vkb53zg-prek-0.3.8",
              "default": true
            }
          ],
          "store_path": "/nix/store/cnlgj239qky5x4pl3nbwh0m75vkb53zg-prek-0.3.8"
        },
        "aarch64-linux": {
          "outputs": [
            {
              "name": "out",
              "path": "/nix/store/cc7k7wz2j97akq6gxd612xqdkxj02ikl-prek-0.3.8",
              "default": true
            }
          ],
          "store_path": "/nix/store/cc7k7wz2j97akq6gxd612xqdkxj02ikl-prek-0.3.8"
        },
        "x86_64-darwin": {
          "outputs": [
            {
              "name": "out",
              "path": "/nix/store/f6d0sxvh4fcm678fx2n0aaa1sxvljlfk-prek-0.3.8",
              "default": true
            }
          ],
          "store_path": "/nix/store/f6d0sxvh4fcm678fx2n0aaa1sxvljlfk-prek-0.3.8"
        },
        "x86_64-linux": {
          "outputs": [
            {
              "name": "out",
              "path": "/nix/store/nvb253i3i4h7brkc20nvhbb2cavi5gc8-prek-0.3.8",
              "default": true
            }
          ],
          "store_path": "/nix/store/nvb253i3i4h7brkc20nvhbb2cavi5gc8-prek-0.3.8"
        }
      }
    },
    "python313Packages.ansible@13.3.0": {
      "last_modified": "2026-02-23T15:40:43Z",
      "resolved": "github:NixOS/nixpkgs/80d901ec0377e19ac3f7bb8c035201e2e098cc97#python313Packages.ansible",
      "source": "devbox-search",
      "version": "13.3.0",
      "systems": {
        "aarch64-darwin": {
          "outputs": [
            {
              "name": "out",
              "path": "/nix/store/3nvmayxvzpyp7s6qw1bl60jg2wklh4l6-python3.13-ansible-13.3.0",
              "default": true
            },
            {
              "name": "dist",
              "path": "/nix/store/61skrrq5784kg681vnakyhhjsah0w999-python3.13-ansible-13.3.0-dist"
            }
          ],
          "store_path": "/nix/store/3nvmayxvzpyp7s6qw1bl60jg2wklh4l6-python3.13-ansible-13.3.0"
        },
        "aarch64-linux": {
          "outputs": [
            {
              "name": "out",
              "path": "/nix/store/ac139zwfrz9hlmdb1s9cxwilfzslzkx3-python3.13-ansible-13.3.0",
              "default": true
            },
            {
              "name": "dist",
              "path": "/nix/store/n2fcskrb9bf8fjhzq5im5bahvhbrxv6m-python3.13-ansible-13.3.0-dist"
            }
          ],
          "store_path": "/nix/store/ac139zwfrz9hlmdb1s9cxwilfzslzkx3-python3.13-ansible-13.3.0"
        },
        "x86_64-darwin": {
          "outputs": [
            {
              "name": "out",
              "path": "/nix/store/0swzsm4q5lqlcbgsz3p56c9r7cxi5v78-python3.13-ansible-13.3.0",
              "default": true
            },
            {
              "name": "dist",
              "path": "/nix/store/q84bvq8ffp2rr8n2iwbm9xd4n21dahzk-python3.13-ansible-13.3.0-dist"
            }
          ],
          "store_path": "/nix/store/0swzsm4q5lqlcbgsz3p56c9r7cxi5v78-python3.13-ansible-13.3.0"
        },
        "x86_64-linux": {
          "outputs": [
            {
              "name": "out",
              "path": "/nix/store/in895y7kyprggfvgc5c195w90d6haw79-python3.13-ansible-13.3.0",
              "default": true
            },
            {
              "name": "dist",
              "path": "/nix/store/lpjv0cazgdhjirbh4jrv9h1h1vilf476-python3.13-ansible-13.3.0-dist"
            }
          ],
          "store_path": "/nix/store/in895y7kyprggfvgc5c195w90d6haw79-python3.13-ansible-13.3.0"
        }
      }
    },
    "python313Packages.molecule-plugins@23.5.3": {
      "last_modified": "2026-02-23T15:40:43Z",
      "resolved": "github:NixOS/nixpkgs/80d901ec0377e19ac3f7bb8c035201e2e098cc97#python313Packages.molecule-plugins",
      "source": "devbox-search",
      "version": "23.5.3",
      "systems": {
        "aarch64-darwin": {
          "outputs": [
            {
              "name": "out",
              "path": "/nix/store/dq4cclzllh0wkck24lajczf5r3s6xs0z-python3.13-molecule-plugins-23.5.3",
              "default": true
            },
            {
              "name": "dist",
              "path": "/nix/store/7ab4a38b4diq5kkhy9gp4rc5qwxizlyc-python3.13-molecule-plugins-23.5.3-dist"
            }
          ],
          "store_path": "/nix/store/dq4cclzllh0wkck24lajczf5r3s6xs0z-python3.13-molecule-plugins-23.5.3"
        },
        "aarch64-linux": {
          "outputs": [
            {
              "name": "out",
              "path": "/nix/store/l94wj5mkj1yf542hbhsy2g9dz6h4vin8-python3.13-molecule-plugins-23.5.3",
              "default": true
            },
            {
              "name": "dist",
              "path": "/nix/store/9n0bha55bclw7wv8l0sp58vskikz3q6c-python3.13-molecule-plugins-23.5.3-dist"
            }
          ],
          "store_path": "/nix/store/l94wj5mkj1yf542hbhsy2g9dz6h4vin8-python3.13-molecule-plugins-23.5.3"
        },
        "x86_64-darwin": {
          "outputs": [
            {
              "name": "out",
              "path": "/nix/store/2mv1jbjqmr75kqb1dxb7lilvny9cbnnz-python3.13-molecule-plugins-23.5.3",
              "default": true
            },
            {
              "name": "dist",
              "path": "/nix/store/44az9ngb87kslf7vm34cyz9lsbyivr5r-python3.13-molecule-plugins-23.5.3-dist"
            }
          ],
          "store_path": "/nix/store/2mv1jbjqmr75kqb1dxb7lilvny9cbnnz-python3.13-molecule-plugins-23.5.3"
        },
        "x86_64-linux": {
          "outputs": [
            {
              "name": "out",
              "path": "/nix/store/0gmj20mq5g4w65zxal7byyzpfk5krh49-python3.13-molecule-plugins-23.5.3",
              "default": true
            },
            {
              "name": "dist",
              "path": "/nix/store/7qkh6iq9gkan4qw5y6dmck5ylk7q02nc-python3.13-molecule-plugins-23.5.3-dist"
            }
          ],
          "store_path": "/nix/store/0gmj20mq5g4w65zxal7byyzpfk5krh49-python3.13-molecule-plugins-23.5.3"
        }
      }
    },
    "python313Packages.molecule@25.12.0": {
      "last_modified": "2026-03-10T02:35:18Z",
      "resolved": "github:NixOS/nixpkgs/e607cb5360ff1234862ac9f8839522becb853bb9#python313Packages.molecule",
      "source": "devbox-search",
      "version": "25.12.0",
      "systems": {
        "aarch64-darwin": {
          "outputs": [
            {
              "name": "out",
              "path": "/nix/store/q1sjymv6kq0z6iyhfrsd3x5akd25bvj0-python3.13-molecule-25.12.0",
              "default": true
            },
            {
              "name": "dist",
              "path": "/nix/store/zf4mvbpsnsvvh7ydc1pk4qmqhfjmjdbv-python3.13-molecule-25.12.0-dist"
            }
          ],
          "store_path": "/nix/store/q1sjymv6kq0z6iyhfrsd3x5akd25bvj0-python3.13-molecule-25.12.0"
        },
        "aarch64-linux": {
          "outputs": [
            {
              "name": "out",
              "path": "/nix/store/pyj19va7bkdybivw4h1j715d5wj04x2r-python3.13-molecule-25.12.0",
              "default": true
            },
            {
              "name": "dist",
              "path": "/nix/store/lamlmmzpp9mb1rf8rs4zhpvwn4ilv1ww-python3.13-molecule-25.12.0-dist"
            }
          ],
          "store_path": "/nix/store/pyj19va7bkdybivw4h1j715d5wj04x2r-python3.13-molecule-25.12.0"
        },
        "x86_64-darwin": {
          "outputs": [
            {
              "name": "out",
              "path": "/nix/store/j8v0rillzy01ijzp3603j56g7car0xjj-python3.13-molecule-25.12.0",
              "default": true
            },
            {
              "name": "dist",
              "path": "/nix/store/vlx92qjh5ni9x28lsb4ik8nbk98qy9ij-python3.13-molecule-25.12.0-dist"
            }
          ],
          "store_path": "/nix/store/j8v0rillzy01ijzp3603j56g7car0xjj-python3.13-molecule-25.12.0"
        },
        "x86_64-linux": {
          "outputs": [
            {
              "name": "out",
              "path": "/nix/store/mqs03z72wnjcrwa8ir6aadqixllgds80-python3.13-molecule-25.12.0",
              "default": true
            },
            {
              "name": "dist",
              "path": "/nix/store/ax0mb5fyvpys585j7zls7b67qmp9fkwg-python3.13-molecule-25.12.0-dist"
            }
          ],
          "store_path": "/nix/store/mqs03z72wnjcrwa8ir6aadqixllgds80-python3.13-molecule-25.12.0"
        }
      }
    },
    "python313Packages.pytest-ansible@26.4.0": {
      "last_modified": "2026-04-06T17:08:15Z",
      "resolved": "github:NixOS/nixpkgs/ff048610a1b698607a66f4671821716c2272dc9f#python313Packages.pytest-ansible",
      "source": "devbox-search",
      "version": "26.4.0",
      "systems": {
        "aarch64-darwin": {
          "outputs": [
            {
              "name": "out",
              "path": "/nix/store/zv4f7k9cs5nyh0m1ncsljv9ymgzkl0s8-python3.13-pytest-ansible-26.4.0",
              "default": true
            },
            {
              "name": "dist",
              "path": "/nix/store/c694pk2zsv44f4ysyq336hgnrzx7hr03-python3.13-pytest-ansible-26.4.0-dist"
            }
          ],
          "store_path": "/nix/store/zv4f7k9cs5nyh0m1ncsljv9ymgzkl0s8-python3.13-pytest-ansible-26.4.0"
        },
        "aarch64-linux": {
          "outputs": [
            {
              "name": "out",
              "path": "/nix/store/lpa9h2d1whkbnnz4rgcwp3qx0kjd15ar-python3.13-pytest-ansible-26.4.0",
              "default": true
            },
            {
              "name": "dist",
              "path": "/nix/store/789svn0szk4lws6xl566dczjwp0smgz1-python3.13-pytest-ansible-26.4.0-dist"
            }
          ],
          "store_path": "/nix/store/lpa9h2d1whkbnnz4rgcwp3qx0kjd15ar-python3.13-pytest-ansible-26.4.0"
        },
        "x86_64-darwin": {
          "outputs": [
            {
              "name": "out",
              "path": "/nix/store/8chsalydklkikps6d3a7blzckn2i1zz8-python3.13-pytest-ansible-26.4.0",
              "default": true
            },
            {
              "name": "dist",
              "path": "/nix/store/89mm1fhxhppb4qa7xsgah6y1jpzcwqzz-python3.13-pytest-ansible-26.4.0-dist"
            }
          ],
          "store_path": "/nix/store/8chsalydklkikps6d3a7blzckn2i1zz8-python3.13-pytest-ansible-26.4.0"
        },
        "x86_64-linux": {
          "outputs": [
            {
              "name": "out",
              "path": "/nix/store/zliqqlz5vxzfiqg2pnm6qxyvsdq2dhw3-python3.13-pytest-ansible-26.4.0",
              "default": true
            },
            {
              "name": "dist",
              "path": "/nix/store/b9kh6z10hi5z3g1m9icqf843klpi4v1a-python3.13-pytest-ansible-26.4.0-dist"
            }
          ],
          "store_path": "/nix/store/zliqqlz5vxzfiqg2pnm6qxyvsdq2dhw3-python3.13-pytest-ansible-26.4.0"
        }
      }
    },
    "python313Packages.pytest@9.0.2": {
      "last_modified": "2026-03-23T05:26:49Z",
      "resolved": "github:NixOS/nixpkgs/4724d5647207377bede08da3212f809cbd94a648#python313Packages.pytest",
      "source": "devbox-search",
      "version": "9.0.2",
      "systems": {
        "aarch64-darwin": {
          "outputs": [
            {
              "name": "out",
              "path": "/nix/store/0xm2ndxjgabk4h0j78xix5grswigdk0q-python3.13-pytest-9.0.2",
              "default": true
            },
            {
              "name": "dist",
              "path": "/nix/store/819ggkpdvin9y4akljvll2ws1b1hlpvh-python3.13-pytest-9.0.2-dist"
            },
            {
              "name": "testout",
              "path": "/nix/store/l3vncf0rgcw49nzc8vhnm37f30f08335-python3.13-pytest-9.0.2-testout"
            }
          ],
          "store_path": "/nix/store/0xm2ndxjgabk4h0j78xix5grswigdk0q-python3.13-pytest-9.0.2"
        },
        "aarch64-linux": {
          "outputs": [
            {
              "name": "out",
              "path": "/nix/store/wfqvyiddshyd4776imk2qa3yfaswbx1y-python3.13-pytest-9.0.2",
              "default": true
            },
            {
              "name": "testout",
              "path": "/nix/store/jin75phhpy12kszhz758zm6l37d4cnbq-python3.13-pytest-9.0.2-testout"
            },
            {
              "name": "dist",
              "path": "/nix/store/v6hdml06rwj6ry77xnva6wdyn0g2dar5-python3.13-pytest-9.0.2-dist"
            }
          ],
          "store_path": "/nix/store/wfqvyiddshyd4776imk2qa3yfaswbx1y-python3.13-pytest-9.0.2"
        },
        "x86_64-darwin": {
          "outputs": [
            {
              "name": "out",
              "path": "/nix/store/zgssf2rq8g0dbqj1lfyfs87l6ipfjyl4-python3.13-pytest-9.0.2",
              "default": true
            },
            {
              "name": "dist",
              "path": "/nix/store/nb3nziy105kirbizkbyfxj6b7np3q1ak-python3.13-pytest-9.0.2-dist"
            },
            {
              "name": "testout",
              "path": "/nix/store/flvyhwbwsm9p72izqmylsqpd7lhk8vaf-python3.13-pytest-9.0.2-testout"
            }
          ],
          "store_path": "/nix/store/zgssf2rq8g0dbqj1lfyfs87l6ipfjyl4-python3.13-pytest-9.0.2"
        },
        "x86_64-linux": {
          "outputs": [
            {
              "name": "out",
              "path": "/nix/store/0wnscii4625qqnngfh93mw44lxq5w5b2-python3.13-pytest-9.0.2",
              "default": true
            },
            {
              "name": "dist",
              "path": "/nix/store/kqkqlbhm13k2449hprbhx27chgj4xcpa-python3.13-pytest-9.0.2-dist"
            },
            {
              "name": "testout",
              "path": "/nix/store/g99vmwklkfs3q57fa76jsag2qai7y3b9-python3.13-pytest-9.0.2-testout"
            }
          ],
          "store_path": "/nix/store/0wnscii4625qqnngfh93mw44lxq5w5b2-python3.13-pytest-9.0.2"
        }
      }
    },
    "python313Packages.ruff@0.15.9": {
      "last_modified": "2026-04-05T07:14:34Z",
      "resolved": "github:NixOS/nixpkgs/bd48fcede9287ff448ecc84c4e94a4fca4bd0d72#python313Packages.ruff",
      "source": "devbox-search",
      "version": "0.15.9",
      "systems": {
        "aarch64-darwin": {
          "outputs": [
            {
              "name": "out",
              "path": "/nix/store/1bdkwxk0419zsiswkwahj3nxi7v70b7d-python3.13-ruff-0.15.9",
              "default": true
            },
            {
              "name": "dist",
              "path": "/nix/store/xp3lscinv2k4ck4vzv3rwylk92ni3rnk-python3.13-ruff-0.15.9-dist"
            }
          ],
          "store_path": "/nix/store/1bdkwxk0419zsiswkwahj3nxi7v70b7d-python3.13-ruff-0.15.9"
        },
        "aarch64-linux": {
          "outputs": [
            {
              "name": "out",
              "path": "/nix/store/vxzz9cgh4ljamwgqqvyv5b4vmbsiw24c-python3.13-ruff-0.15.9",
              "default": true
            },
            {
              "name": "dist",
              "path": "/nix/store/jicmx2gpzwgyndmzzxb9465l60b1f80n-python3.13-ruff-0.15.9-dist"
            }
          ],
          "store_path": "/nix/store/vxzz9cgh4ljamwgqqvyv5b4vmbsiw24c-python3.13-ruff-0.15.9"
        },
        "x86_64-darwin": {
          "outputs": [
            {
              "name": "out",
              "path": "/nix/store/sxjdvrjcgv8ldvm5sslbsahz7x2dgz7p-python3.13-ruff-0.15.9",
              "default": true
            },
            {
              "name": "dist",
              "path": "/nix/store/rxc174p7a8nfq0z0sw4srnis3gml1d2p-python3.13-ruff-0.15.9-dist"
            }
          ],
          "store_path": "/nix/store/sxjdvrjcgv8ldvm5sslbsahz7x2dgz7p-python3.13-ruff-0.15.9"
        },
        "x86_64-linux": {
          "outputs": [
            {
              "name": "out",
              "path": "/nix/store/pn4lk9h4wx867xggq3sk9zf8fkwlgvh1-python3.13-ruff-0.15.9",
              "default": true
            },
            {
              "name": "dist",
              "path": "/nix/store/80mvn9p859lf1n29r9zjldl5qrimwqpg-python3.13-ruff-0.15.9-dist"
            }
          ],
          "store_path": "/nix/store/pn4lk9h4wx867xggq3sk9zf8fkwlgvh1-python3.13-ruff-0.15.9"
        }
      }
    },
    "yamllint@1.37.1": {
      "last_modified": "2026-02-23T15:40:43Z",
      "resolved": "github:NixOS/nixpkgs/80d901ec0377e19ac3f7bb8c035201e2e098cc97#yamllint",
      "source": "devbox-search",
      "version": "1.37.1",
      "systems": {
        "aarch64-darwin": {
          "outputs": [
            {
              "name": "out",
              "path": "/nix/store/3q7v9msz48z2vi736rymcjc1gi8c49iq-python3.13-yamllint-1.37.1",
              "default": true
            },
            {
              "name": "dist",
              "path": "/nix/store/55z9bkc64vm4b60rfn7y79ghklqkjsa5-python3.13-yamllint-1.37.1-dist"
            }
          ],
          "store_path": "/nix/store/3q7v9msz48z2vi736rymcjc1gi8c49iq-python3.13-yamllint-1.37.1"
        },
        "aarch64-linux": {
          "outputs": [
            {
              "name": "out",
              "path": "/nix/store/ianlcqlfq1zgswzrjyki2hnmc6n2k1hk-python3.13-yamllint-1.37.1",
              "default": true
            },
            {
              "name": "dist",
              "path": "/nix/store/fgs9isa3cyy2bg99vw92lyi3hmll7wnb-python3.13-yamllint-1.37.1-dist"
            }
          ],
          "store_path": "/nix/store/ianlcqlfq1zgswzrjyki2hnmc6n2k1hk-python3.13-yamllint-1.37.1"
        },
        "x86_64-darwin": {
          "outputs": [
            {
              "name": "out",
              "path": "/nix/store/28i8a0xn0bwagyx1ql95f518qf6qy68d-python3.13-yamllint-1.37.1",
              "default": true
            },
            {
              "name": "dist",
              "path": "/nix/store/9jmffbksg7dm2ja3gywcap9plspk4mpx-python3.13-yamllint-1.37.1-dist"
            }
          ],
          "store_path": "/nix/store/28i8a0xn0bwagyx1ql95f518qf6qy68d-python3.13-yamllint-1.37.1"
        },
        "x86_64-linux": {
          "outputs": [
            {
              "name": "out",
              "path": "/nix/store/a6k0l2naclakdmypd5frw9bgzyawnlmi-python3.13-yamllint-1.37.1",
              "default": true
            },
            {
              "name": "dist",
              "path": "/nix/store/jk6is2i4c3qs0fp99qw6s5z8v3av20z2-python3.13-yamllint-1.37.1-dist"
            }
          ],
          "store_path": "/nix/store/a6k0l2naclakdmypd5frw9bgzyawnlmi-python3.13-yamllint-1.37.1"
        }
      }
    }
  }
}
